
Microsoft Visual Studio Solution File, Format Version 12.00
# Visual Studio Version 17
VisualStudioVersion = 17.14.36623.8 d17.14
MinimumVisualStudioVersion = 10.0.40219.1
Project("{FAE04EC0-301F-11D3-BF4B-00C04F79EFBC}") = "Saudacao", "Saudacao\Saudacao.csproj", "{ED763990-663D-4344-9F59-922D26554500}"
EndProject
Global
	GlobalSection(SolutionConfigurationPlatforms) = preSolution
		Debug|Any CPU = Debug|Any CPU
		Release|Any CPU = Release|Any CPU
	EndGlobalSection
	GlobalSection(ProjectConfigurationPlatforms) = postSolution
		{ED763990-663D-4344-9F59-922D26554500}.Debug|Any CPU.ActiveCfg = Debug|Any CPU
		{ED763990-663D-4344-9F59-922D26554500}.Debug|Any CPU.Build.0 = Debug|Any CPU
		{ED763990-663D-4344-9F59-922D26554500}.Release|Any CPU.ActiveCfg = Release|Any CPU
		{ED763990-663D-4344-9F59-922D26554500}.Release|Any CPU.Build.0 = Release|Any CPU
	EndGlobalSection
	GlobalSection(SolutionProperties) = preSolution
		HideSolutionNode = FALSE
	EndGlobalSection
	GlobalSection(ExtensibilityGlobals) = postSolution
		SolutionGuid = {76E6628D-5460-4B90-9268-2C9A04AD9DE3}
	EndGlobalSection
EndGlobal
