
Microsoft Visual Studio Solution File, Format Version 12.00
# Visual Studio Version 17
VisualStudioVersion = 17.14.36623.8
MinimumVisualStudioVersion = 10.0.40219.1
Project("{FAE04EC0-301F-11D3-BF4B-00C04F79EFBC}") = "Dem1", "Dem1\Dem1.csproj", "{3487F0FA-EB2E-48FD-AAD8-E0502C896C97}"
EndProject
Project("{FAE04EC0-301F-11D3-BF4B-00C04F79EFBC}") = "Dem2", "Dem2\Dem2.csproj", "{190FBAB6-2F8B-49D9-93EA-22BF480A273A}"
EndProject
Project("{FAE04EC0-301F-11D3-BF4B-00C04F79EFBC}") = "Dem3", "Dem3\Dem3.csproj", "{30F15E03-14C1-4BF4-BA23-652F49C80B8F}"
EndProject
Project("{FAE04EC0-301F-11D3-BF4B-00C04F79EFBC}") = "Dem4", "Dem4\Dem4.csproj", "{AF3A93DE-E19D-4667-BAF0-70255E2C20F8}"
EndProject
Project("{FAE04EC0-301F-11D3-BF4B-00C04F79EFBC}") = "Dem5", "Dem5\Dem5.csproj", "{207B8687-5ED0-45E1-BB62-6592E0BCB221}"
EndProject
Project("{FAE04EC0-301F-11D3-BF4B-00C04F79EFBC}") = "Dem6", "Dem6\Dem6.csproj", "{23D72844-DAD9-413D-A106-A9FE45CA2BA9}"
EndProject
Project("{FAE04EC0-301F-11D3-BF4B-00C04F79EFBC}") = "Dem7", "Dem7\Dem7.csproj", "{BB50DC67-BE18-47DD-B5C8-D20940CE3A3C}"
EndProject
Project("{FAE04EC0-301F-11D3-BF4B-00C04F79EFBC}") = "Dem8", "Dem8\Dem8.csproj", "{FEFA1337-9A0A-424C-8CFB-A3BC60721C7F}"
EndProject
Project("{FAE04EC0-301F-11D3-BF4B-00C04F79EFBC}") = "Dem10", "Dem10\Dem10.csproj", "{0ED4B7A7-C7DA-464B-B74D-517CD5D78569}"
EndProject
Global
	GlobalSection(SolutionConfigurationPlatforms) = preSolution
		Debug|Any CPU = Debug|Any CPU
		Release|Any CPU = Release|Any CPU
	EndGlobalSection
	GlobalSection(ProjectConfigurationPlatforms) = postSolution
		{3487F0FA-EB2E-48FD-AAD8-E0502C896C97}.Debug|Any CPU.ActiveCfg = Debug|Any CPU
		{3487F0FA-EB2E-48FD-AAD8-E0502C896C97}.Debug|Any CPU.Build.0 = Debug|Any CPU
		{3487F0FA-EB2E-48FD-AAD8-E0502C896C97}.Release|Any CPU.ActiveCfg = Release|Any CPU
		{3487F0FA-EB2E-48FD-AAD8-E0502C896C97}.Release|Any CPU.Build.0 = Release|Any CPU
		{190FBAB6-2F8B-49D9-93EA-22BF480A273A}.Debug|Any CPU.ActiveCfg = Debug|Any CPU
		{190FBAB6-2F8B-49D9-93EA-22BF480A273A}.Debug|Any CPU.Build.0 = Debug|Any CPU
		{190FBAB6-2F8B-49D9-93EA-22BF480A273A}.Release|Any CPU.ActiveCfg = Release|Any CPU
		{190FBAB6-2F8B-49D9-93EA-22BF480A273A}.Release|Any CPU.Build.0 = Release|Any CPU
		{30F15E03-14C1-4BF4-BA23-652F49C80B8F}.Debug|Any CPU.ActiveCfg = Debug|Any CPU
		{30F15E03-14C1-4BF4-BA23-652F49C80B8F}.Debug|Any CPU.Build.0 = Debug|Any CPU
		{30F15E03-14C1-4BF4-BA23-652F49C80B8F}.Release|Any CPU.ActiveCfg = Release|Any CPU
		{30F15E03-14C1-4BF4-BA23-652F49C80B8F}.Release|Any CPU.Build.0 = Release|Any CPU
		{AF3A93DE-E19D-4667-BAF0-70255E2C20F8}.Debug|Any CPU.ActiveCfg = Debug|Any CPU
		{AF3A93DE-E19D-4667-BAF0-70255E2C20F8}.Debug|Any CPU.Build.0 = Debug|Any CPU
		{AF3A93DE-E19D-4667-BAF0-70255E2C20F8}.Release|Any CPU.ActiveCfg = Release|Any CPU
		{AF3A93DE-E19D-4667-BAF0-70255E2C20F8}.Release|Any CPU.Build.0 = Release|Any CPU
		{207B8687-5ED0-45E1-BB62-6592E0BCB221}.Debug|Any CPU.ActiveCfg = Debug|Any CPU
		{207B8687-5ED0-45E1-BB62-6592E0BCB221}.Debug|Any CPU.Build.0 = Debug|Any CPU
		{207B8687-5ED0-45E1-BB62-6592E0BCB221}.Release|Any CPU.ActiveCfg = Release|Any CPU
		{207B8687-5ED0-45E1-BB62-6592E0BCB221}.Release|Any CPU.Build.0 = Release|Any CPU
		{23D72844-DAD9-413D-A106-A9FE45CA2BA9}.Debug|Any CPU.ActiveCfg = Debug|Any CPU
		{23D72844-DAD9-413D-A106-A9FE45CA2BA9}.Debug|Any CPU.Build.0 = Debug|Any CPU
		{23D72844-DAD9-413D-A106-A9FE45CA2BA9}.Release|Any CPU.ActiveCfg = Release|Any CPU
		{23D72844-DAD9-413D-A106-A9FE45CA2BA9}.Release|Any CPU.Build.0 = Release|Any CPU
		{BB50DC67-BE18-47DD-B5C8-D20940CE3A3C}.Debug|Any CPU.ActiveCfg = Debug|Any CPU
		{BB50DC67-BE18-47DD-B5C8-D20940CE3A3C}.Debug|Any CPU.Build.0 = Debug|Any CPU
		{BB50DC67-BE18-47DD-B5C8-D20940CE3A3C}.Release|Any CPU.ActiveCfg = Release|Any CPU
		{BB50DC67-BE18-47DD-B5C8-D20940CE3A3C}.Release|Any CPU.Build.0 = Release|Any CPU
		{FEFA1337-9A0A-424C-8CFB-A3BC60721C7F}.Debug|Any CPU.ActiveCfg = Debug|Any CPU
		{FEFA1337-9A0A-424C-8CFB-A3BC60721C7F}.Debug|Any CPU.Build.0 = Debug|Any CPU
		{FEFA1337-9A0A-424C-8CFB-A3BC60721C7F}.Release|Any CPU.ActiveCfg = Release|Any CPU
		{FEFA1337-9A0A-424C-8CFB-A3BC60721C7F}.Release|Any CPU.Build.0 = Release|Any CPU
		{0ED4B7A7-C7DA-464B-B74D-517CD5D78569}.Debug|Any CPU.ActiveCfg = Debug|Any CPU
		{0ED4B7A7-C7DA-464B-B74D-517CD5D78569}.Debug|Any CPU.Build.0 = Debug|Any CPU
		{0ED4B7A7-C7DA-464B-B74D-517CD5D78569}.Release|Any CPU.ActiveCfg = Release|Any CPU
		{0ED4B7A7-C7DA-464B-B74D-517CD5D78569}.Release|Any CPU.Build.0 = Release|Any CPU
	EndGlobalSection
	GlobalSection(SolutionProperties) = preSolution
		HideSolutionNode = FALSE
	EndGlobalSection
	GlobalSection(ExtensibilityGlobals) = postSolution
		SolutionGuid = {D4449F52-AE4A-4941-8DE7-32E54EAE4F07}
	EndGlobalSection
EndGlobal
