
Microsoft Visual Studio Solution File, Format Version 12.00
# Visual Studio Version 17
VisualStudioVersion = 17.14.37314.3 d17.14
MinimumVisualStudioVersion = 10.0.40219.1
Project("{FAE04EC0-301F-11D3-BF4B-00C04F79EFBC}") = "Exercicio_Linq", "Exercicio_Linq\Exercicio_Linq.csproj", "{DBADD8D2-F402-4BF0-8D0A-0253E86A044A}"
EndProject
Global
	GlobalSection(SolutionConfigurationPlatforms) = preSolution
		Debug|Any CPU = Debug|Any CPU
		Release|Any CPU = Release|Any CPU
	EndGlobalSection
	GlobalSection(ProjectConfigurationPlatforms) = postSolution
		{DBADD8D2-F402-4BF0-8D0A-0253E86A044A}.Debug|Any CPU.ActiveCfg = Debug|Any CPU
		{DBADD8D2-F402-4BF0-8D0A-0253E86A044A}.Debug|Any CPU.Build.0 = Debug|Any CPU
		{DBADD8D2-F402-4BF0-8D0A-0253E86A044A}.Release|Any CPU.ActiveCfg = Release|Any CPU
		{DBADD8D2-F402-4BF0-8D0A-0253E86A044A}.Release|Any CPU.Build.0 = Release|Any CPU
	EndGlobalSection
	GlobalSection(SolutionProperties) = preSolution
		HideSolutionNode = FALSE
	EndGlobalSection
	GlobalSection(ExtensibilityGlobals) = postSolution
		SolutionGuid = {BB2DACBB-194D-492D-A6F6-39C2AC34E3C6}
	EndGlobalSection
EndGlobal
