
Microsoft Visual Studio Solution File, Format Version 12.00
# Visual Studio Version 17
VisualStudioVersion = 17.14.36930.0 d17.14
MinimumVisualStudioVersion = 10.0.40219.1
Project("{FAE04EC0-301F-11D3-BF4B-00C04F79EFBC}") = "ExemploFormsApp", "ExemploFormsApp\ExemploFormsApp.csproj", "{5D1F30BA-45BB-4A9C-ADFD-99778400146B}"
EndProject
Global
	GlobalSection(SolutionConfigurationPlatforms) = preSolution
		Debug|Any CPU = Debug|Any CPU
		Release|Any CPU = Release|Any CPU
	EndGlobalSection
	GlobalSection(ProjectConfigurationPlatforms) = postSolution
		{5D1F30BA-45BB-4A9C-ADFD-99778400146B}.Debug|Any CPU.ActiveCfg = Debug|Any CPU
		{5D1F30BA-45BB-4A9C-ADFD-99778400146B}.Debug|Any CPU.Build.0 = Debug|Any CPU
		{5D1F30BA-45BB-4A9C-ADFD-99778400146B}.Release|Any CPU.ActiveCfg = Release|Any CPU
		{5D1F30BA-45BB-4A9C-ADFD-99778400146B}.Release|Any CPU.Build.0 = Release|Any CPU
	EndGlobalSection
	GlobalSection(SolutionProperties) = preSolution
		HideSolutionNode = FALSE
	EndGlobalSection
	GlobalSection(ExtensibilityGlobals) = postSolution
		SolutionGuid = {00FD8343-2A22-48AB-8B6B-176BBC89DCF5}
	EndGlobalSection
EndGlobal
