
Microsoft Visual Studio Solution File, Format Version 12.00
# Visual Studio Version 17
VisualStudioVersion = 17.14.36717.8 d17.14
MinimumVisualStudioVersion = 10.0.40219.1
Project("{FAE04EC0-301F-11D3-BF4B-00C04F79EFBC}") = "Ex_1", "Ex_1\Ex_1.csproj", "{3226F41E-3B78-4227-ADDF-FE731154764E}"
EndProject
Project("{FAE04EC0-301F-11D3-BF4B-00C04F79EFBC}") = "Ex_2", "Ex_2\Ex_2.csproj", "{B0133BEC-2BBC-4551-BC6F-34B358830C32}"
EndProject
Project("{FAE04EC0-301F-11D3-BF4B-00C04F79EFBC}") = "Ex_3", "Ex_3\Ex_3.csproj", "{9D7CA96C-93B7-4953-981F-E82584CCBF2D}"
EndProject
Project("{FAE04EC0-301F-11D3-BF4B-00C04F79EFBC}") = "Ex_4", "Ex_4\Ex_4.csproj", "{49E9E9EA-AA5F-48BB-98CC-71650269E0EF}"
EndProject
Project("{FAE04EC0-301F-11D3-BF4B-00C04F79EFBC}") = "Ex_5", "Ex_5\Ex_5.csproj", "{EFD6542A-9D26-4394-9845-C9D5E08BB0A1}"
EndProject
Project("{FAE04EC0-301F-11D3-BF4B-00C04F79EFBC}") = "Ex_6", "Ex_6\Ex_6.csproj", "{4615003A-1B51-4404-933B-42E9DD2D80DF}"
EndProject
Project("{FAE04EC0-301F-11D3-BF4B-00C04F79EFBC}") = "Ex_7", "Ex_7\Ex_7.csproj", "{3540FA98-8501-4CEF-A4A7-01C37A7B23E7}"
EndProject
Project("{FAE04EC0-301F-11D3-BF4B-00C04F79EFBC}") = "Ex_8", "Ex_8\Ex_8.csproj", "{C592E9E0-C932-4D39-AB71-C6F63A2FC483}"
EndProject
Project("{FAE04EC0-301F-11D3-BF4B-00C04F79EFBC}") = "Ex_9", "Ex_9\Ex_9.csproj", "{FB282BD3-F415-49C6-89D1-968971758943}"
EndProject
Project("{FAE04EC0-301F-11D3-BF4B-00C04F79EFBC}") = "Ex_10", "Ex_10\Ex_10.csproj", "{26CD4C91-9F0B-4971-9A12-3AF25B4C4168}"
EndProject
Project("{FAE04EC0-301F-11D3-BF4B-00C04F79EFBC}") = "Ex_11", "Ex_11\Ex_11.csproj", "{7E5D7C62-A02D-4DC8-A749-A6C09D2AD925}"
EndProject
Project("{FAE04EC0-301F-11D3-BF4B-00C04F79EFBC}") = "Ex_12", "Ex_12\Ex_12.csproj", "{49171DCD-2027-4677-981C-39383D9CC2DE}"
EndProject
Project("{FAE04EC0-301F-11D3-BF4B-00C04F79EFBC}") = "Ex_13", "Ex_13\Ex_13.csproj", "{C591A1DF-9C1C-4705-8F39-8320FD635535}"
EndProject
Global
	GlobalSection(SolutionConfigurationPlatforms) = preSolution
		Debug|Any CPU = Debug|Any CPU
		Release|Any CPU = Release|Any CPU
	EndGlobalSection
	GlobalSection(ProjectConfigurationPlatforms) = postSolution
		{3226F41E-3B78-4227-ADDF-FE731154764E}.Debug|Any CPU.ActiveCfg = Debug|Any CPU
		{3226F41E-3B78-4227-ADDF-FE731154764E}.Debug|Any CPU.Build.0 = Debug|Any CPU
		{3226F41E-3B78-4227-ADDF-FE731154764E}.Release|Any CPU.ActiveCfg = Release|Any CPU
		{3226F41E-3B78-4227-ADDF-FE731154764E}.Release|Any CPU.Build.0 = Release|Any CPU
		{B0133BEC-2BBC-4551-BC6F-34B358830C32}.Debug|Any CPU.ActiveCfg = Debug|Any CPU
		{B0133BEC-2BBC-4551-BC6F-34B358830C32}.Debug|Any CPU.Build.0 = Debug|Any CPU
		{B0133BEC-2BBC-4551-BC6F-34B358830C32}.Release|Any CPU.ActiveCfg = Release|Any CPU
		{B0133BEC-2BBC-4551-BC6F-34B358830C32}.Release|Any CPU.Build.0 = Release|Any CPU
		{9D7CA96C-93B7-4953-981F-E82584CCBF2D}.Debug|Any CPU.ActiveCfg = Debug|Any CPU
		{9D7CA96C-93B7-4953-981F-E82584CCBF2D}.Debug|Any CPU.Build.0 = Debug|Any CPU
		{9D7CA96C-93B7-4953-981F-E82584CCBF2D}.Release|Any CPU.ActiveCfg = Release|Any CPU
		{9D7CA96C-93B7-4953-981F-E82584CCBF2D}.Release|Any CPU.Build.0 = Release|Any CPU
		{49E9E9EA-AA5F-48BB-98CC-71650269E0EF}.Debug|Any CPU.ActiveCfg = Debug|Any CPU
		{49E9E9EA-AA5F-48BB-98CC-71650269E0EF}.Debug|Any CPU.Build.0 = Debug|Any CPU
		{49E9E9EA-AA5F-48BB-98CC-71650269E0EF}.Release|Any CPU.ActiveCfg = Release|Any CPU
		{49E9E9EA-AA5F-48BB-98CC-71650269E0EF}.Release|Any CPU.Build.0 = Release|Any CPU
		{EFD6542A-9D26-4394-9845-C9D5E08BB0A1}.Debug|Any CPU.ActiveCfg = Debug|Any CPU
		{EFD6542A-9D26-4394-9845-C9D5E08BB0A1}.Debug|Any CPU.Build.0 = Debug|Any CPU
		{EFD6542A-9D26-4394-9845-C9D5E08BB0A1}.Release|Any CPU.ActiveCfg = Release|Any CPU
		{EFD6542A-9D26-4394-9845-C9D5E08BB0A1}.Release|Any CPU.Build.0 = Release|Any CPU
		{4615003A-1B51-4404-933B-42E9DD2D80DF}.Debug|Any CPU.ActiveCfg = Debug|Any CPU
		{4615003A-1B51-4404-933B-42E9DD2D80DF}.Debug|Any CPU.Build.0 = Debug|Any CPU
		{4615003A-1B51-4404-933B-42E9DD2D80DF}.Release|Any CPU.ActiveCfg = Release|Any CPU
		{4615003A-1B51-4404-933B-42E9DD2D80DF}.Release|Any CPU.Build.0 = Release|Any CPU
		{3540FA98-8501-4CEF-A4A7-01C37A7B23E7}.Debug|Any CPU.ActiveCfg = Debug|Any CPU
		{3540FA98-8501-4CEF-A4A7-01C37A7B23E7}.Debug|Any CPU.Build.0 = Debug|Any CPU
		{3540FA98-8501-4CEF-A4A7-01C37A7B23E7}.Release|Any CPU.ActiveCfg = Release|Any CPU
		{3540FA98-8501-4CEF-A4A7-01C37A7B23E7}.Release|Any CPU.Build.0 = Release|Any CPU
		{C592E9E0-C932-4D39-AB71-C6F63A2FC483}.Debug|Any CPU.ActiveCfg = Debug|Any CPU
		{C592E9E0-C932-4D39-AB71-C6F63A2FC483}.Debug|Any CPU.Build.0 = Debug|Any CPU
		{C592E9E0-C932-4D39-AB71-C6F63A2FC483}.Release|Any CPU.ActiveCfg = Release|Any CPU
		{C592E9E0-C932-4D39-AB71-C6F63A2FC483}.Release|Any CPU.Build.0 = Release|Any CPU
		{FB282BD3-F415-49C6-89D1-968971758943}.Debug|Any CPU.ActiveCfg = Debug|Any CPU
		{FB282BD3-F415-49C6-89D1-968971758943}.Debug|Any CPU.Build.0 = Debug|Any CPU
		{FB282BD3-F415-49C6-89D1-968971758943}.Release|Any CPU.ActiveCfg = Release|Any CPU
		{FB282BD3-F415-49C6-89D1-968971758943}.Release|Any CPU.Build.0 = Release|Any CPU
		{26CD4C91-9F0B-4971-9A12-3AF25B4C4168}.Debug|Any CPU.ActiveCfg = Debug|Any CPU
		{26CD4C91-9F0B-4971-9A12-3AF25B4C4168}.Debug|Any CPU.Build.0 = Debug|Any CPU
		{26CD4C91-9F0B-4971-9A12-3AF25B4C4168}.Release|Any CPU.ActiveCfg = Release|Any CPU
		{26CD4C91-9F0B-4971-9A12-3AF25B4C4168}.Release|Any CPU.Build.0 = Release|Any CPU
		{7E5D7C62-A02D-4DC8-A749-A6C09D2AD925}.Debug|Any CPU.ActiveCfg = Debug|Any CPU
		{7E5D7C62-A02D-4DC8-A749-A6C09D2AD925}.Debug|Any CPU.Build.0 = Debug|Any CPU
		{7E5D7C62-A02D-4DC8-A749-A6C09D2AD925}.Release|Any CPU.ActiveCfg = Release|Any CPU
		{7E5D7C62-A02D-4DC8-A749-A6C09D2AD925}.Release|Any CPU.Build.0 = Release|Any CPU
		{49171DCD-2027-4677-981C-39383D9CC2DE}.Debug|Any CPU.ActiveCfg = Debug|Any CPU
		{49171DCD-2027-4677-981C-39383D9CC2DE}.Debug|Any CPU.Build.0 = Debug|Any CPU
		{49171DCD-2027-4677-981C-39383D9CC2DE}.Release|Any CPU.ActiveCfg = Release|Any CPU
		{49171DCD-2027-4677-981C-39383D9CC2DE}.Release|Any CPU.Build.0 = Release|Any CPU
		{C591A1DF-9C1C-4705-8F39-8320FD635535}.Debug|Any CPU.ActiveCfg = Debug|Any CPU
		{C591A1DF-9C1C-4705-8F39-8320FD635535}.Debug|Any CPU.Build.0 = Debug|Any CPU
		{C591A1DF-9C1C-4705-8F39-8320FD635535}.Release|Any CPU.ActiveCfg = Release|Any CPU
		{C591A1DF-9C1C-4705-8F39-8320FD635535}.Release|Any CPU.Build.0 = Release|Any CPU
	EndGlobalSection
	GlobalSection(SolutionProperties) = preSolution
		HideSolutionNode = FALSE
	EndGlobalSection
	GlobalSection(ExtensibilityGlobals) = postSolution
		SolutionGuid = {5D2CB3B9-36D7-4633-B5A3-B79820190BCB}
	EndGlobalSection
EndGlobal
