
Microsoft Visual Studio Solution File, Format Version 12.00
# Visual Studio Version 17
VisualStudioVersion = 17.14.36623.8
MinimumVisualStudioVersion = 10.0.40219.1
Project("{FAE04EC0-301F-11D3-BF4B-00C04F79EFBC}") = "Dem1", "Dem1\Dem1.csproj", "{B2CF229E-9932-4EE0-B096-E85ABC8E630E}"
EndProject
Project("{FAE04EC0-301F-11D3-BF4B-00C04F79EFBC}") = "Dem2", "Dem2\Dem2.csproj", "{00A90011-F964-41D1-A385-843B4F1E5BDF}"
EndProject
Project("{FAE04EC0-301F-11D3-BF4B-00C04F79EFBC}") = "Dem3", "Dem3\Dem3.csproj", "{5DCEE21E-AC05-4343-AD3A-D2F7D15FD6F7}"
EndProject
Project("{FAE04EC0-301F-11D3-BF4B-00C04F79EFBC}") = "Dem4", "Dem4\Dem4.csproj", "{819D8E55-638D-4887-9729-C53EA839CD29}"
EndProject
Project("{FAE04EC0-301F-11D3-BF4B-00C04F79EFBC}") = "Dem5", "Dem5\Dem5.csproj", "{7772DAB1-695A-4F5C-9E96-CF6F681FA793}"
EndProject
Project("{FAE04EC0-301F-11D3-BF4B-00C04F79EFBC}") = "Dem6", "Dem6\Dem6.csproj", "{F4C8B1B6-7829-4CD7-BB1B-7A3EF893BD75}"
EndProject
Project("{FAE04EC0-301F-11D3-BF4B-00C04F79EFBC}") = "Dem7", "Dem7\Dem7.csproj", "{183511A2-B812-452B-9E98-C61FF0CDEF22}"
EndProject
Project("{FAE04EC0-301F-11D3-BF4B-00C04F79EFBC}") = "Dem9", "Dem9\Dem9.csproj", "{E8185174-8A63-4C58-9F23-B078321512F8}"
EndProject
Project("{FAE04EC0-301F-11D3-BF4B-00C04F79EFBC}") = "Dem10", "Dem10\Dem10.csproj", "{9BF58173-5585-488F-B643-4EFCB5359B1F}"
EndProject
Project("{FAE04EC0-301F-11D3-BF4B-00C04F79EFBC}") = "Dem11", "Dem11\Dem11.csproj", "{A657E2D9-2F82-4265-89B6-7A951A62F519}"
EndProject
Project("{FAE04EC0-301F-11D3-BF4B-00C04F79EFBC}") = "Dem12", "Dem12\Dem12.csproj", "{BF9A987C-6371-4C90-9640-852BD6F57FC2}"
EndProject
Project("{FAE04EC0-301F-11D3-BF4B-00C04F79EFBC}") = "Dem13", "Dem13\Dem13.csproj", "{DDD73582-D9AB-419C-978F-63E7B2B5EEF3}"
EndProject
Global
	GlobalSection(SolutionConfigurationPlatforms) = preSolution
		Debug|Any CPU = Debug|Any CPU
		Release|Any CPU = Release|Any CPU
	EndGlobalSection
	GlobalSection(ProjectConfigurationPlatforms) = postSolution
		{B2CF229E-9932-4EE0-B096-E85ABC8E630E}.Debug|Any CPU.ActiveCfg = Debug|Any CPU
		{B2CF229E-9932-4EE0-B096-E85ABC8E630E}.Debug|Any CPU.Build.0 = Debug|Any CPU
		{B2CF229E-9932-4EE0-B096-E85ABC8E630E}.Release|Any CPU.ActiveCfg = Release|Any CPU
		{B2CF229E-9932-4EE0-B096-E85ABC8E630E}.Release|Any CPU.Build.0 = Release|Any CPU
		{00A90011-F964-41D1-A385-843B4F1E5BDF}.Debug|Any CPU.ActiveCfg = Debug|Any CPU
		{00A90011-F964-41D1-A385-843B4F1E5BDF}.Debug|Any CPU.Build.0 = Debug|Any CPU
		{00A90011-F964-41D1-A385-843B4F1E5BDF}.Release|Any CPU.ActiveCfg = Release|Any CPU
		{00A90011-F964-41D1-A385-843B4F1E5BDF}.Release|Any CPU.Build.0 = Release|Any CPU
		{5DCEE21E-AC05-4343-AD3A-D2F7D15FD6F7}.Debug|Any CPU.ActiveCfg = Debug|Any CPU
		{5DCEE21E-AC05-4343-AD3A-D2F7D15FD6F7}.Debug|Any CPU.Build.0 = Debug|Any CPU
		{5DCEE21E-AC05-4343-AD3A-D2F7D15FD6F7}.Release|Any CPU.ActiveCfg = Release|Any CPU
		{5DCEE21E-AC05-4343-AD3A-D2F7D15FD6F7}.Release|Any CPU.Build.0 = Release|Any CPU
		{819D8E55-638D-4887-9729-C53EA839CD29}.Debug|Any CPU.ActiveCfg = Debug|Any CPU
		{819D8E55-638D-4887-9729-C53EA839CD29}.Debug|Any CPU.Build.0 = Debug|Any CPU
		{819D8E55-638D-4887-9729-C53EA839CD29}.Release|Any CPU.ActiveCfg = Release|Any CPU
		{819D8E55-638D-4887-9729-C53EA839CD29}.Release|Any CPU.Build.0 = Release|Any CPU
		{7772DAB1-695A-4F5C-9E96-CF6F681FA793}.Debug|Any CPU.ActiveCfg = Debug|Any CPU
		{7772DAB1-695A-4F5C-9E96-CF6F681FA793}.Debug|Any CPU.Build.0 = Debug|Any CPU
		{7772DAB1-695A-4F5C-9E96-CF6F681FA793}.Release|Any CPU.ActiveCfg = Release|Any CPU
		{7772DAB1-695A-4F5C-9E96-CF6F681FA793}.Release|Any CPU.Build.0 = Release|Any CPU
		{F4C8B1B6-7829-4CD7-BB1B-7A3EF893BD75}.Debug|Any CPU.ActiveCfg = Debug|Any CPU
		{F4C8B1B6-7829-4CD7-BB1B-7A3EF893BD75}.Debug|Any CPU.Build.0 = Debug|Any CPU
		{F4C8B1B6-7829-4CD7-BB1B-7A3EF893BD75}.Release|Any CPU.ActiveCfg = Release|Any CPU
		{F4C8B1B6-7829-4CD7-BB1B-7A3EF893BD75}.Release|Any CPU.Build.0 = Release|Any CPU
		{183511A2-B812-452B-9E98-C61FF0CDEF22}.Debug|Any CPU.ActiveCfg = Debug|Any CPU
		{183511A2-B812-452B-9E98-C61FF0CDEF22}.Debug|Any CPU.Build.0 = Debug|Any CPU
		{183511A2-B812-452B-9E98-C61FF0CDEF22}.Release|Any CPU.ActiveCfg = Release|Any CPU
		{183511A2-B812-452B-9E98-C61FF0CDEF22}.Release|Any CPU.Build.0 = Release|Any CPU
		{E8185174-8A63-4C58-9F23-B078321512F8}.Debug|Any CPU.ActiveCfg = Debug|Any CPU
		{E8185174-8A63-4C58-9F23-B078321512F8}.Debug|Any CPU.Build.0 = Debug|Any CPU
		{E8185174-8A63-4C58-9F23-B078321512F8}.Release|Any CPU.ActiveCfg = Release|Any CPU
		{E8185174-8A63-4C58-9F23-B078321512F8}.Release|Any CPU.Build.0 = Release|Any CPU
		{9BF58173-5585-488F-B643-4EFCB5359B1F}.Debug|Any CPU.ActiveCfg = Debug|Any CPU
		{9BF58173-5585-488F-B643-4EFCB5359B1F}.Debug|Any CPU.Build.0 = Debug|Any CPU
		{9BF58173-5585-488F-B643-4EFCB5359B1F}.Release|Any CPU.ActiveCfg = Release|Any CPU
		{9BF58173-5585-488F-B643-4EFCB5359B1F}.Release|Any CPU.Build.0 = Release|Any CPU
		{A657E2D9-2F82-4265-89B6-7A951A62F519}.Debug|Any CPU.ActiveCfg = Debug|Any CPU
		{A657E2D9-2F82-4265-89B6-7A951A62F519}.Debug|Any CPU.Build.0 = Debug|Any CPU
		{A657E2D9-2F82-4265-89B6-7A951A62F519}.Release|Any CPU.ActiveCfg = Release|Any CPU
		{A657E2D9-2F82-4265-89B6-7A951A62F519}.Release|Any CPU.Build.0 = Release|Any CPU
		{BF9A987C-6371-4C90-9640-852BD6F57FC2}.Debug|Any CPU.ActiveCfg = Debug|Any CPU
		{BF9A987C-6371-4C90-9640-852BD6F57FC2}.Debug|Any CPU.Build.0 = Debug|Any CPU
		{BF9A987C-6371-4C90-9640-852BD6F57FC2}.Release|Any CPU.ActiveCfg = Release|Any CPU
		{BF9A987C-6371-4C90-9640-852BD6F57FC2}.Release|Any CPU.Build.0 = Release|Any CPU
		{DDD73582-D9AB-419C-978F-63E7B2B5EEF3}.Debug|Any CPU.ActiveCfg = Debug|Any CPU
		{DDD73582-D9AB-419C-978F-63E7B2B5EEF3}.Debug|Any CPU.Build.0 = Debug|Any CPU
		{DDD73582-D9AB-419C-978F-63E7B2B5EEF3}.Release|Any CPU.ActiveCfg = Release|Any CPU
		{DDD73582-D9AB-419C-978F-63E7B2B5EEF3}.Release|Any CPU.Build.0 = Release|Any CPU
	EndGlobalSection
	GlobalSection(SolutionProperties) = preSolution
		HideSolutionNode = FALSE
	EndGlobalSection
	GlobalSection(ExtensibilityGlobals) = postSolution
		SolutionGuid = {A9C17D39-1EF7-4FE7-8F57-54DB8A77A321}
	EndGlobalSection
EndGlobal
