
Microsoft Visual Studio Solution File, Format Version 12.00
# Visual Studio Version 17
VisualStudioVersion = 17.14.36623.8
MinimumVisualStudioVersion = 10.0.40219.1
Project("{FAE04EC0-301F-11D3-BF4B-00C04F79EFBC}") = "Dem1", "Dem1\Dem1.csproj", "{8B3EE126-1DE7-4528-8121-741BEE3EAE5E}"
EndProject
Project("{FAE04EC0-301F-11D3-BF4B-00C04F79EFBC}") = "Dem2", "Dem2\Dem2.csproj", "{12057D6A-D070-44B1-BECE-AF5945C46D7A}"
EndProject
Project("{FAE04EC0-301F-11D3-BF4B-00C04F79EFBC}") = "Dem3", "Dem3\Dem3.csproj", "{7A976B9F-63A7-461C-A320-9E601D39DF57}"
EndProject
Project("{FAE04EC0-301F-11D3-BF4B-00C04F79EFBC}") = "Dem5", "Dem5\Dem5.csproj", "{39DD2ED6-96CB-4FA6-A086-7964067702AD}"
EndProject
Project("{FAE04EC0-301F-11D3-BF4B-00C04F79EFBC}") = "Dem6", "Dem6\Dem6.csproj", "{7C697515-0C30-4519-8333-A4776B7A356A}"
EndProject
Project("{FAE04EC0-301F-11D3-BF4B-00C04F79EFBC}") = "Dem4", "Dem4\Dem4.csproj", "{AC0B7128-854B-4404-BBD5-589387A9A325}"
EndProject
Project("{FAE04EC0-301F-11D3-BF4B-00C04F79EFBC}") = "Dem8", "Dem8\Dem8.csproj", "{FA2992F0-9009-4FE0-9EAC-DF31595310C3}"
EndProject
Global
	GlobalSection(SolutionConfigurationPlatforms) = preSolution
		Debug|Any CPU = Debug|Any CPU
		Release|Any CPU = Release|Any CPU
	EndGlobalSection
	GlobalSection(ProjectConfigurationPlatforms) = postSolution
		{8B3EE126-1DE7-4528-8121-741BEE3EAE5E}.Debug|Any CPU.ActiveCfg = Debug|Any CPU
		{8B3EE126-1DE7-4528-8121-741BEE3EAE5E}.Debug|Any CPU.Build.0 = Debug|Any CPU
		{8B3EE126-1DE7-4528-8121-741BEE3EAE5E}.Release|Any CPU.ActiveCfg = Release|Any CPU
		{8B3EE126-1DE7-4528-8121-741BEE3EAE5E}.Release|Any CPU.Build.0 = Release|Any CPU
		{12057D6A-D070-44B1-BECE-AF5945C46D7A}.Debug|Any CPU.ActiveCfg = Debug|Any CPU
		{12057D6A-D070-44B1-BECE-AF5945C46D7A}.Debug|Any CPU.Build.0 = Debug|Any CPU
		{12057D6A-D070-44B1-BECE-AF5945C46D7A}.Release|Any CPU.ActiveCfg = Release|Any CPU
		{12057D6A-D070-44B1-BECE-AF5945C46D7A}.Release|Any CPU.Build.0 = Release|Any CPU
		{7A976B9F-63A7-461C-A320-9E601D39DF57}.Debug|Any CPU.ActiveCfg = Debug|Any CPU
		{7A976B9F-63A7-461C-A320-9E601D39DF57}.Debug|Any CPU.Build.0 = Debug|Any CPU
		{7A976B9F-63A7-461C-A320-9E601D39DF57}.Release|Any CPU.ActiveCfg = Release|Any CPU
		{7A976B9F-63A7-461C-A320-9E601D39DF57}.Release|Any CPU.Build.0 = Release|Any CPU
		{39DD2ED6-96CB-4FA6-A086-7964067702AD}.Debug|Any CPU.ActiveCfg = Debug|Any CPU
		{39DD2ED6-96CB-4FA6-A086-7964067702AD}.Debug|Any CPU.Build.0 = Debug|Any CPU
		{39DD2ED6-96CB-4FA6-A086-7964067702AD}.Release|Any CPU.ActiveCfg = Release|Any CPU
		{39DD2ED6-96CB-4FA6-A086-7964067702AD}.Release|Any CPU.Build.0 = Release|Any CPU
		{7C697515-0C30-4519-8333-A4776B7A356A}.Debug|Any CPU.ActiveCfg = Debug|Any CPU
		{7C697515-0C30-4519-8333-A4776B7A356A}.Debug|Any CPU.Build.0 = Debug|Any CPU
		{7C697515-0C30-4519-8333-A4776B7A356A}.Release|Any CPU.ActiveCfg = Release|Any CPU
		{7C697515-0C30-4519-8333-A4776B7A356A}.Release|Any CPU.Build.0 = Release|Any CPU
		{AC0B7128-854B-4404-BBD5-589387A9A325}.Debug|Any CPU.ActiveCfg = Debug|Any CPU
		{AC0B7128-854B-4404-BBD5-589387A9A325}.Debug|Any CPU.Build.0 = Debug|Any CPU
		{AC0B7128-854B-4404-BBD5-589387A9A325}.Release|Any CPU.ActiveCfg = Release|Any CPU
		{AC0B7128-854B-4404-BBD5-589387A9A325}.Release|Any CPU.Build.0 = Release|Any CPU
		{FA2992F0-9009-4FE0-9EAC-DF31595310C3}.Debug|Any CPU.ActiveCfg = Debug|Any CPU
		{FA2992F0-9009-4FE0-9EAC-DF31595310C3}.Debug|Any CPU.Build.0 = Debug|Any CPU
		{FA2992F0-9009-4FE0-9EAC-DF31595310C3}.Release|Any CPU.ActiveCfg = Release|Any CPU
		{FA2992F0-9009-4FE0-9EAC-DF31595310C3}.Release|Any CPU.Build.0 = Release|Any CPU
	EndGlobalSection
	GlobalSection(SolutionProperties) = preSolution
		HideSolutionNode = FALSE
	EndGlobalSection
	GlobalSection(ExtensibilityGlobals) = postSolution
		SolutionGuid = {8AB447BC-3C54-48CC-8FF2-428C9613ACCD}
	EndGlobalSection
EndGlobal
