
Microsoft Visual Studio Solution File, Format Version 12.00
# Visual Studio Version 17
VisualStudioVersion = 17.14.36623.8
MinimumVisualStudioVersion = 10.0.40219.1
Project("{FAE04EC0-301F-11D3-BF4B-00C04F79EFBC}") = "ConversorEuroDolar", "Exercises\ConversorEuroDolar.csproj", "{4F410B52-1788-4EEF-87D8-C649A4B87170}"
EndProject
Project("{FAE04EC0-301F-11D3-BF4B-00C04F79EFBC}") = "Saudacao", "Saudacao\Saudacao.csproj", "{171E4180-D193-4376-8329-4053CFCF619C}"
EndProject
Project("{FAE04EC0-301F-11D3-BF4B-00C04F79EFBC}") = "SomaProduto", "SomaProduto\SomaProduto.csproj", "{791A441F-27F6-47C4-A8E7-DF3EC1234510}"
EndProject
Global
	GlobalSection(SolutionConfigurationPlatforms) = preSolution
		Debug|Any CPU = Debug|Any CPU
		Release|Any CPU = Release|Any CPU
	EndGlobalSection
	GlobalSection(ProjectConfigurationPlatforms) = postSolution
		{4F410B52-1788-4EEF-87D8-C649A4B87170}.Debug|Any CPU.ActiveCfg = Debug|Any CPU
		{4F410B52-1788-4EEF-87D8-C649A4B87170}.Debug|Any CPU.Build.0 = Debug|Any CPU
		{4F410B52-1788-4EEF-87D8-C649A4B87170}.Release|Any CPU.ActiveCfg = Release|Any CPU
		{4F410B52-1788-4EEF-87D8-C649A4B87170}.Release|Any CPU.Build.0 = Release|Any CPU
		{171E4180-D193-4376-8329-4053CFCF619C}.Debug|Any CPU.ActiveCfg = Debug|Any CPU
		{171E4180-D193-4376-8329-4053CFCF619C}.Debug|Any CPU.Build.0 = Debug|Any CPU
		{171E4180-D193-4376-8329-4053CFCF619C}.Release|Any CPU.ActiveCfg = Release|Any CPU
		{171E4180-D193-4376-8329-4053CFCF619C}.Release|Any CPU.Build.0 = Release|Any CPU
		{791A441F-27F6-47C4-A8E7-DF3EC1234510}.Debug|Any CPU.ActiveCfg = Debug|Any CPU
		{791A441F-27F6-47C4-A8E7-DF3EC1234510}.Debug|Any CPU.Build.0 = Debug|Any CPU
		{791A441F-27F6-47C4-A8E7-DF3EC1234510}.Release|Any CPU.ActiveCfg = Release|Any CPU
		{791A441F-27F6-47C4-A8E7-DF3EC1234510}.Release|Any CPU.Build.0 = Release|Any CPU
	EndGlobalSection
	GlobalSection(SolutionProperties) = preSolution
		HideSolutionNode = FALSE
	EndGlobalSection
	GlobalSection(ExtensibilityGlobals) = postSolution
		SolutionGuid = {36278653-BC8A-490C-B4C5-6E2634779FB6}
	EndGlobalSection
EndGlobal
