
Microsoft Visual Studio Solution File, Format Version 12.00
# Visual Studio Version 17
VisualStudioVersion = 17.14.36717.8
MinimumVisualStudioVersion = 10.0.40219.1
Project("{FAE04EC0-301F-11D3-BF4B-00C04F79EFBC}") = "Ex_1", "Ex_1\Ex_1.csproj", "{7E1FB4A8-D6CD-4266-AFCB-5904F1FE1CBC}"
EndProject
Project("{FAE04EC0-301F-11D3-BF4B-00C04F79EFBC}") = "Ex_2", "Ex_2\Ex_2.csproj", "{7E4A01C4-8E58-4BF3-AE15-49734073DB15}"
EndProject
Project("{FAE04EC0-301F-11D3-BF4B-00C04F79EFBC}") = "Ex_3", "Ex_3\Ex_3.csproj", "{996B80C7-3F78-4A54-951D-E15217F0753F}"
EndProject
Project("{FAE04EC0-301F-11D3-BF4B-00C04F79EFBC}") = "Ex_4", "Ex_4\Ex_4.csproj", "{B2B08002-8C34-44E8-BEE6-8AD87BD86AF5}"
EndProject
Project("{FAE04EC0-301F-11D3-BF4B-00C04F79EFBC}") = "Ex_5", "Ex_5\Ex_5.csproj", "{6732CE1B-D095-46BA-9508-D6BF4FBBF3FC}"
EndProject
Project("{FAE04EC0-301F-11D3-BF4B-00C04F79EFBC}") = "Ex_6", "Ex_6\Ex_6.csproj", "{6D0CC935-08E7-4A13-8E3D-8E47D07DA6C1}"
EndProject
Project("{FAE04EC0-301F-11D3-BF4B-00C04F79EFBC}") = "Ex_7", "Ex_7\Ex_7.csproj", "{2E511873-AED9-406B-803B-1DA675175014}"
EndProject
Project("{FAE04EC0-301F-11D3-BF4B-00C04F79EFBC}") = "Ex_8", "Ex_8\Ex_8.csproj", "{CA6F3150-857B-49D2-BCC8-173C3ED0DA4A}"
EndProject
Project("{FAE04EC0-301F-11D3-BF4B-00C04F79EFBC}") = "Ex_9", "Ex_9\Ex_9.csproj", "{13D3B67B-AAAD-4735-8DE0-6217B493DF0B}"
EndProject
Project("{FAE04EC0-301F-11D3-BF4B-00C04F79EFBC}") = "Ex_10", "Ex_10\Ex_10.csproj", "{6B97B45F-FD4D-4AEF-909A-A3F1F1820762}"
EndProject
Global
	GlobalSection(SolutionConfigurationPlatforms) = preSolution
		Debug|Any CPU = Debug|Any CPU
		Release|Any CPU = Release|Any CPU
	EndGlobalSection
	GlobalSection(ProjectConfigurationPlatforms) = postSolution
		{7E1FB4A8-D6CD-4266-AFCB-5904F1FE1CBC}.Debug|Any CPU.ActiveCfg = Debug|Any CPU
		{7E1FB4A8-D6CD-4266-AFCB-5904F1FE1CBC}.Debug|Any CPU.Build.0 = Debug|Any CPU
		{7E1FB4A8-D6CD-4266-AFCB-5904F1FE1CBC}.Release|Any CPU.ActiveCfg = Release|Any CPU
		{7E1FB4A8-D6CD-4266-AFCB-5904F1FE1CBC}.Release|Any CPU.Build.0 = Release|Any CPU
		{7E4A01C4-8E58-4BF3-AE15-49734073DB15}.Debug|Any CPU.ActiveCfg = Debug|Any CPU
		{7E4A01C4-8E58-4BF3-AE15-49734073DB15}.Debug|Any CPU.Build.0 = Debug|Any CPU
		{7E4A01C4-8E58-4BF3-AE15-49734073DB15}.Release|Any CPU.ActiveCfg = Release|Any CPU
		{7E4A01C4-8E58-4BF3-AE15-49734073DB15}.Release|Any CPU.Build.0 = Release|Any CPU
		{996B80C7-3F78-4A54-951D-E15217F0753F}.Debug|Any CPU.ActiveCfg = Debug|Any CPU
		{996B80C7-3F78-4A54-951D-E15217F0753F}.Debug|Any CPU.Build.0 = Debug|Any CPU
		{996B80C7-3F78-4A54-951D-E15217F0753F}.Release|Any CPU.ActiveCfg = Release|Any CPU
		{996B80C7-3F78-4A54-951D-E15217F0753F}.Release|Any CPU.Build.0 = Release|Any CPU
		{B2B08002-8C34-44E8-BEE6-8AD87BD86AF5}.Debug|Any CPU.ActiveCfg = Debug|Any CPU
		{B2B08002-8C34-44E8-BEE6-8AD87BD86AF5}.Debug|Any CPU.Build.0 = Debug|Any CPU
		{B2B08002-8C34-44E8-BEE6-8AD87BD86AF5}.Release|Any CPU.ActiveCfg = Release|Any CPU
		{B2B08002-8C34-44E8-BEE6-8AD87BD86AF5}.Release|Any CPU.Build.0 = Release|Any CPU
		{6732CE1B-D095-46BA-9508-D6BF4FBBF3FC}.Debug|Any CPU.ActiveCfg = Debug|Any CPU
		{6732CE1B-D095-46BA-9508-D6BF4FBBF3FC}.Debug|Any CPU.Build.0 = Debug|Any CPU
		{6732CE1B-D095-46BA-9508-D6BF4FBBF3FC}.Release|Any CPU.ActiveCfg = Release|Any CPU
		{6732CE1B-D095-46BA-9508-D6BF4FBBF3FC}.Release|Any CPU.Build.0 = Release|Any CPU
		{6D0CC935-08E7-4A13-8E3D-8E47D07DA6C1}.Debug|Any CPU.ActiveCfg = Debug|Any CPU
		{6D0CC935-08E7-4A13-8E3D-8E47D07DA6C1}.Debug|Any CPU.Build.0 = Debug|Any CPU
		{6D0CC935-08E7-4A13-8E3D-8E47D07DA6C1}.Release|Any CPU.ActiveCfg = Release|Any CPU
		{6D0CC935-08E7-4A13-8E3D-8E47D07DA6C1}.Release|Any CPU.Build.0 = Release|Any CPU
		{2E511873-AED9-406B-803B-1DA675175014}.Debug|Any CPU.ActiveCfg = Debug|Any CPU
		{2E511873-AED9-406B-803B-1DA675175014}.Debug|Any CPU.Build.0 = Debug|Any CPU
		{2E511873-AED9-406B-803B-1DA675175014}.Release|Any CPU.ActiveCfg = Release|Any CPU
		{2E511873-AED9-406B-803B-1DA675175014}.Release|Any CPU.Build.0 = Release|Any CPU
		{CA6F3150-857B-49D2-BCC8-173C3ED0DA4A}.Debug|Any CPU.ActiveCfg = Debug|Any CPU
		{CA6F3150-857B-49D2-BCC8-173C3ED0DA4A}.Debug|Any CPU.Build.0 = Debug|Any CPU
		{CA6F3150-857B-49D2-BCC8-173C3ED0DA4A}.Release|Any CPU.ActiveCfg = Release|Any CPU
		{CA6F3150-857B-49D2-BCC8-173C3ED0DA4A}.Release|Any CPU.Build.0 = Release|Any CPU
		{13D3B67B-AAAD-4735-8DE0-6217B493DF0B}.Debug|Any CPU.ActiveCfg = Debug|Any CPU
		{13D3B67B-AAAD-4735-8DE0-6217B493DF0B}.Debug|Any CPU.Build.0 = Debug|Any CPU
		{13D3B67B-AAAD-4735-8DE0-6217B493DF0B}.Release|Any CPU.ActiveCfg = Release|Any CPU
		{13D3B67B-AAAD-4735-8DE0-6217B493DF0B}.Release|Any CPU.Build.0 = Release|Any CPU
		{6B97B45F-FD4D-4AEF-909A-A3F1F1820762}.Debug|Any CPU.ActiveCfg = Debug|Any CPU
		{6B97B45F-FD4D-4AEF-909A-A3F1F1820762}.Debug|Any CPU.Build.0 = Debug|Any CPU
		{6B97B45F-FD4D-4AEF-909A-A3F1F1820762}.Release|Any CPU.ActiveCfg = Release|Any CPU
		{6B97B45F-FD4D-4AEF-909A-A3F1F1820762}.Release|Any CPU.Build.0 = Release|Any CPU
	EndGlobalSection
	GlobalSection(SolutionProperties) = preSolution
		HideSolutionNode = FALSE
	EndGlobalSection
	GlobalSection(ExtensibilityGlobals) = postSolution
		SolutionGuid = {61CB9CA1-EA55-484A-8E5A-916A6EC0EE46}
	EndGlobalSection
EndGlobal
