
Microsoft Visual Studio Solution File, Format Version 12.00
# Visual Studio Version 17
VisualStudioVersion = 17.14.36930.0 d17.14
MinimumVisualStudioVersion = 10.0.40219.1
Project("{FAE04EC0-301F-11D3-BF4B-00C04F79EFBC}") = "ExercicioCronometro", "ExercicioCronometro\ExercicioCronometro.csproj", "{BFA14D2E-6619-4560-8F59-5D5A0427EEFA}"
EndProject
Global
	GlobalSection(SolutionConfigurationPlatforms) = preSolution
		Debug|Any CPU = Debug|Any CPU
		Release|Any CPU = Release|Any CPU
	EndGlobalSection
	GlobalSection(ProjectConfigurationPlatforms) = postSolution
		{BFA14D2E-6619-4560-8F59-5D5A0427EEFA}.Debug|Any CPU.ActiveCfg = Debug|Any CPU
		{BFA14D2E-6619-4560-8F59-5D5A0427EEFA}.Debug|Any CPU.Build.0 = Debug|Any CPU
		{BFA14D2E-6619-4560-8F59-5D5A0427EEFA}.Release|Any CPU.ActiveCfg = Release|Any CPU
		{BFA14D2E-6619-4560-8F59-5D5A0427EEFA}.Release|Any CPU.Build.0 = Release|Any CPU
	EndGlobalSection
	GlobalSection(SolutionProperties) = preSolution
		HideSolutionNode = FALSE
	EndGlobalSection
	GlobalSection(ExtensibilityGlobals) = postSolution
		SolutionGuid = {19DE2413-F64A-44E3-B335-A3B7125C2940}
	EndGlobalSection
EndGlobal
