
Microsoft Visual Studio Solution File, Format Version 12.00
# Visual Studio Version 17
VisualStudioVersion = 17.14.36930.0
MinimumVisualStudioVersion = 10.0.40219.1
Project("{FAE04EC0-301F-11D3-BF4B-00C04F79EFBC}") = "ExercicioCronometro", "ExercicioCronometro\ExercicioCronometro.csproj", "{BFA14D2E-6619-4560-8F59-5D5A0427EEFA}"
EndProject
Project("{FAE04EC0-301F-11D3-BF4B-00C04F79EFBC}") = "CronometroConsola", "CronometroConsola\CronometroConsola.csproj", "{D74AAC63-6F9D-4844-9E54-3ED8D57A5314}"
EndProject
Project("{FAE04EC0-301F-11D3-BF4B-00C04F79EFBC}") = "ProjectPost", "ProjectPost\ProjectPost.csproj", "{7E1CC417-6FC3-4CB3-9D49-382BD3D2B24E}"
EndProject
Project("{FAE04EC0-301F-11D3-BF4B-00C04F79EFBC}") = "ProjectBalao", "ProjectBalao\ProjectBalao.csproj", "{8A6EF8B4-A308-4EA3-B003-276DB103A786}"
EndProject
Project("{FAE04EC0-301F-11D3-BF4B-00C04F79EFBC}") = "ProjectCarro", "ProjectCarro\ProjectCarro.csproj", "{384BF04E-782F-471D-BF4F-3D482A7E3A69}"
EndProject
Global
	GlobalSection(SolutionConfigurationPlatforms) = preSolution
		Debug|Any CPU = Debug|Any CPU
		Release|Any CPU = Release|Any CPU
	EndGlobalSection
	GlobalSection(ProjectConfigurationPlatforms) = postSolution
		{BFA14D2E-6619-4560-8F59-5D5A0427EEFA}.Debug|Any CPU.ActiveCfg = Debug|Any CPU
		{BFA14D2E-6619-4560-8F59-5D5A0427EEFA}.Debug|Any CPU.Build.0 = Debug|Any CPU
		{BFA14D2E-6619-4560-8F59-5D5A0427EEFA}.Release|Any CPU.ActiveCfg = Release|Any CPU
		{BFA14D2E-6619-4560-8F59-5D5A0427EEFA}.Release|Any CPU.Build.0 = Release|Any CPU
		{D74AAC63-6F9D-4844-9E54-3ED8D57A5314}.Debug|Any CPU.ActiveCfg = Debug|Any CPU
		{D74AAC63-6F9D-4844-9E54-3ED8D57A5314}.Debug|Any CPU.Build.0 = Debug|Any CPU
		{D74AAC63-6F9D-4844-9E54-3ED8D57A5314}.Release|Any CPU.ActiveCfg = Release|Any CPU
		{D74AAC63-6F9D-4844-9E54-3ED8D57A5314}.Release|Any CPU.Build.0 = Release|Any CPU
		{7E1CC417-6FC3-4CB3-9D49-382BD3D2B24E}.Debug|Any CPU.ActiveCfg = Debug|Any CPU
		{7E1CC417-6FC3-4CB3-9D49-382BD3D2B24E}.Debug|Any CPU.Build.0 = Debug|Any CPU
		{7E1CC417-6FC3-4CB3-9D49-382BD3D2B24E}.Release|Any CPU.ActiveCfg = Release|Any CPU
		{7E1CC417-6FC3-4CB3-9D49-382BD3D2B24E}.Release|Any CPU.Build.0 = Release|Any CPU
		{8A6EF8B4-A308-4EA3-B003-276DB103A786}.Debug|Any CPU.ActiveCfg = Debug|Any CPU
		{8A6EF8B4-A308-4EA3-B003-276DB103A786}.Debug|Any CPU.Build.0 = Debug|Any CPU
		{8A6EF8B4-A308-4EA3-B003-276DB103A786}.Release|Any CPU.ActiveCfg = Release|Any CPU
		{8A6EF8B4-A308-4EA3-B003-276DB103A786}.Release|Any CPU.Build.0 = Release|Any CPU
		{384BF04E-782F-471D-BF4F-3D482A7E3A69}.Debug|Any CPU.ActiveCfg = Debug|Any CPU
		{384BF04E-782F-471D-BF4F-3D482A7E3A69}.Debug|Any CPU.Build.0 = Debug|Any CPU
		{384BF04E-782F-471D-BF4F-3D482A7E3A69}.Release|Any CPU.ActiveCfg = Release|Any CPU
		{384BF04E-782F-471D-BF4F-3D482A7E3A69}.Release|Any CPU.Build.0 = Release|Any CPU
	EndGlobalSection
	GlobalSection(SolutionProperties) = preSolution
		HideSolutionNode = FALSE
	EndGlobalSection
	GlobalSection(ExtensibilityGlobals) = postSolution
		SolutionGuid = {19DE2413-F64A-44E3-B335-A3B7125C2940}
	EndGlobalSection
EndGlobal
