
Microsoft Visual Studio Solution File, Format Version 12.00
# Visual Studio Version 17
VisualStudioVersion = 17.14.36930.0
MinimumVisualStudioVersion = 10.0.40219.1
Project("{FAE04EC0-301F-11D3-BF4B-00C04F79EFBC}") = "ExercicioFinanciamento", "ExercicioFinanciamento\ExercicioFinanciamento.csproj", "{779B1BB2-1710-4A08-902D-BCB11B3BFB6C}"
EndProject
Global
	GlobalSection(SolutionConfigurationPlatforms) = preSolution
		Debug|Any CPU = Debug|Any CPU
		Release|Any CPU = Release|Any CPU
	EndGlobalSection
	GlobalSection(ProjectConfigurationPlatforms) = postSolution
		{779B1BB2-1710-4A08-902D-BCB11B3BFB6C}.Debug|Any CPU.ActiveCfg = Debug|Any CPU
		{779B1BB2-1710-4A08-902D-BCB11B3BFB6C}.Debug|Any CPU.Build.0 = Debug|Any CPU
		{779B1BB2-1710-4A08-902D-BCB11B3BFB6C}.Release|Any CPU.ActiveCfg = Release|Any CPU
		{779B1BB2-1710-4A08-902D-BCB11B3BFB6C}.Release|Any CPU.Build.0 = Release|Any CPU
	EndGlobalSection
	GlobalSection(SolutionProperties) = preSolution
		HideSolutionNode = FALSE
	EndGlobalSection
	GlobalSection(ExtensibilityGlobals) = postSolution
		SolutionGuid = {383FAB69-9ABA-45CD-AE75-3C0D4491E3C9}
	EndGlobalSection
EndGlobal
